
Microsoft Visual Studio Solution File, Format Version 12.00
# Visual Studio 15
VisualStudioVersion = 15.0.28307.168
MinimumVisualStudioVersion = 10.0.40219.1
Project("{FAE04EC0-301F-11D3-BF4B-00C04F79EFBC}") = "DotNetDemo", "DotNetDemo\DotNetDemo.csproj", "{CCA01FB0-52C0-428B-BAAF-76B60B7A7EFC}"
EndProject
Global
	GlobalSection(SolutionConfigurationPlatforms) = preSolution
		Debug|Any CPU = Debug|Any CPU
		Release|Any CPU = Release|Any CPU
	EndGlobalSection
	GlobalSection(ProjectConfigurationPlatforms) = postSolution
		{CCA01FB0-52C0-428B-BAAF-76B60B7A7EFC}.Debug|Any CPU.ActiveCfg = Debug|Any CPU
		{CCA01FB0-52C0-428B-BAAF-76B60B7A7EFC}.Debug|Any CPU.Build.0 = Debug|Any CPU
		{CCA01FB0-52C0-428B-BAAF-76B60B7A7EFC}.Release|Any CPU.ActiveCfg = Release|Any CPU
		{CCA01FB0-52C0-428B-BAAF-76B60B7A7EFC}.Release|Any CPU.Build.0 = Release|Any CPU
	EndGlobalSection
	GlobalSection(SolutionProperties) = preSolution
		HideSolutionNode = FALSE
	EndGlobalSection
	GlobalSection(ExtensibilityGlobals) = postSolution
		SolutionGuid = {F6F8B38B-3AFE-4654-81A2-91FD17FF5930}
	EndGlobalSection
EndGlobal
